
Microsoft Visual Studio Solution File, Format Version 12.00
# Visual Studio Version 16
VisualStudioVersion = 16.0.30804.86
MinimumVisualStudioVersion = 10.0.40219.1
Project("{FAE04EC0-301F-11D3-BF4B-00C04F79EFBC}") = "Interfaces 2", "Interfaces 2\Interfaces 2.csproj", "{EC819D2C-3B2C-47D7-8A15-867B4A765F19}"
EndProject
Global
	GlobalSection(SolutionConfigurationPlatforms) = preSolution
		Debug|Any CPU = Debug|Any CPU
		Release|Any CPU = Release|Any CPU
	EndGlobalSection
	GlobalSection(ProjectConfigurationPlatforms) = postSolution
		{EC819D2C-3B2C-47D7-8A15-867B4A765F19}.Debug|Any CPU.ActiveCfg = Debug|Any CPU
		{EC819D2C-3B2C-47D7-8A15-867B4A765F19}.Debug|Any CPU.Build.0 = Debug|Any CPU
		{EC819D2C-3B2C-47D7-8A15-867B4A765F19}.Release|Any CPU.ActiveCfg = Release|Any CPU
		{EC819D2C-3B2C-47D7-8A15-867B4A765F19}.Release|Any CPU.Build.0 = Release|Any CPU
	EndGlobalSection
	GlobalSection(SolutionProperties) = preSolution
		HideSolutionNode = FALSE
	EndGlobalSection
	GlobalSection(ExtensibilityGlobals) = postSolution
		SolutionGuid = {EEE015F6-EC6B-4A1B-9331-6E6C3F6502D3}
	EndGlobalSection
EndGlobal
